
Microsoft Visual Studio Solution File, Format Version 12.00
# Visual Studio Version 17
VisualStudioVersion = 17.0.32112.339
MinimumVisualStudioVersion = 10.0.40219.1
Project("{FAE04EC0-301F-11D3-BF4B-00C04F79EFBC}") = "Request", "Request\Request.csproj", "{BAD2424D-A22F-4CFA-89BD-BE0BF7271022}"
EndProject
Project("{FAE04EC0-301F-11D3-BF4B-00C04F79EFBC}") = "Response", "Response\Response.csproj", "{471CC776-6F47-43A1-A6F2-466463E64CEB}"
EndProject
Global
	GlobalSection(SolutionConfigurationPlatforms) = preSolution
		Debug|Any CPU = Debug|Any CPU
		Release|Any CPU = Release|Any CPU
	EndGlobalSection
	GlobalSection(ProjectConfigurationPlatforms) = postSolution
		{BAD2424D-A22F-4CFA-89BD-BE0BF7271022}.Debug|Any CPU.ActiveCfg = Debug|Any CPU
		{BAD2424D-A22F-4CFA-89BD-BE0BF7271022}.Debug|Any CPU.Build.0 = Debug|Any CPU
		{BAD2424D-A22F-4CFA-89BD-BE0BF7271022}.Release|Any CPU.ActiveCfg = Release|Any CPU
		{BAD2424D-A22F-4CFA-89BD-BE0BF7271022}.Release|Any CPU.Build.0 = Release|Any CPU
		{471CC776-6F47-43A1-A6F2-466463E64CEB}.Debug|Any CPU.ActiveCfg = Debug|Any CPU
		{471CC776-6F47-43A1-A6F2-466463E64CEB}.Debug|Any CPU.Build.0 = Debug|Any CPU
		{471CC776-6F47-43A1-A6F2-466463E64CEB}.Release|Any CPU.ActiveCfg = Release|Any CPU
		{471CC776-6F47-43A1-A6F2-466463E64CEB}.Release|Any CPU.Build.0 = Release|Any CPU
	EndGlobalSection
	GlobalSection(SolutionProperties) = preSolution
		HideSolutionNode = FALSE
	EndGlobalSection
	GlobalSection(ExtensibilityGlobals) = postSolution
		SolutionGuid = {E22D3379-6A13-4126-9925-EDFB55ACE06D}
	EndGlobalSection
EndGlobal
